
Microsoft Visual Studio Solution File, Format Version 12.00
# Visual Studio Version 17
VisualStudioVersion = 17.14.36623.8
MinimumVisualStudioVersion = 10.0.40219.1
Project("{FAE04EC0-301F-11D3-BF4B-00C04F79EFBC}") = "BackEnd_Web_Api", "BackEnd_Web_Api.csproj", "{A1105A8D-B3E1-40FD-A65A-6D03139173F0}"
EndProject
Project("{2150E333-8FDC-42A3-9474-1A3956D46DE8}") = "Models", "Models", "{36D591C7-65C7-A0D1-1CBC-10CDE441BDC8}"
	ProjectSection(SolutionItems) = preProject
		User.cs = User.cs
	EndProjectSection
EndProject
Project("{2150E333-8FDC-42A3-9474-1A3956D46DE8}") = "Data", "Data", "{23A81537-DC83-47FC-9EE2-1FE7768E746F}"
	ProjectSection(SolutionItems) = preProject
		AppDbContext.cs = AppDbContext.cs
	EndProjectSection
EndProject
Project("{2150E333-8FDC-42A3-9474-1A3956D46DE8}") = "Controllers", "Controllers", "{C80258F4-AC9B-4EA4-A809-7067E353B989}"
	ProjectSection(SolutionItems) = preProject
		UsersController.cs = UsersController.cs
	EndProjectSection
EndProject
Global
	GlobalSection(SolutionConfigurationPlatforms) = preSolution
		Debug|Any CPU = Debug|Any CPU
		Release|Any CPU = Release|Any CPU
	EndGlobalSection
	GlobalSection(ProjectConfigurationPlatforms) = postSolution
		{A1105A8D-B3E1-40FD-A65A-6D03139173F0}.Debug|Any CPU.ActiveCfg = Debug|Any CPU
		{A1105A8D-B3E1-40FD-A65A-6D03139173F0}.Debug|Any CPU.Build.0 = Debug|Any CPU
		{A1105A8D-B3E1-40FD-A65A-6D03139173F0}.Release|Any CPU.ActiveCfg = Release|Any CPU
		{A1105A8D-B3E1-40FD-A65A-6D03139173F0}.Release|Any CPU.Build.0 = Release|Any CPU
	EndGlobalSection
	GlobalSection(SolutionProperties) = preSolution
		HideSolutionNode = FALSE
	EndGlobalSection
	GlobalSection(ExtensibilityGlobals) = postSolution
		SolutionGuid = {5BBA599F-7902-4874-BFF8-3E3AE6EA09B0}
	EndGlobalSection
EndGlobal
